github.com/lib/pq v1.10.7 h1:p7ZhMD+KsSRozJr34udlUrhboJwWAgCg34+/ZZNvZZw=
github.com/lib/pq v1.10.7/go.mod h1:AlVN5x4E4T544tWzH6hKfbfQvm3HdbOxrmggDNAPY9o=
github.com/sbeknur/greenlight v0.0.0-20230109191907-532c78b0a6a5 h1:K9PfwVt0ZRsvfd1z1N2ThMO2s2v+Qx8//pmEWSC0g/s=
github.com/sbeknur/greenlight v0.0.0-20230109191907-532c78b0a6a5/go.mod h1:kKzUwF+6fpfdR21nMvp/jDM4sEzUz92VnBn6g12qF+w=
